// !$*UTF8*$!
{
	archiveVersion = 1;
	classes = {
	};
	objectVersion = 46;
	objects = {

/* Begin PBXBuildFile section */
		7DDFF3221C84294800F4391B /* main.m in Sources */ = {isa = PBXBuildFile; fileRef = 7DDFF3211C84294800F4391B /* main.m */; };
		7DDFF3251C84294800F4391B /* AppDelegate.m in Sources */ = {isa = PBXBuildFile; fileRef = 7DDFF3241C84294800F4391B /* AppDelegate.m */; };
		7DDFF32B1C84294800F4391B /* Main.storyboard in Resources */ = {isa = PBXBuildFile; fileRef = 7DDFF3291C84294800F4391B /* Main.storyboard */; };
		7DDFF32D1C84294800F4391B /* Assets.xcassets in Resources */ = {isa = PBXBuildFile; fileRef = 7DDFF32C1C84294800F4391B /* Assets.xcassets */; };
		7DDFF3301C84294800F4391B /* LaunchScreen.storyboard in Resources */ = {isa = PBXBuildFile; fileRef = 7DDFF32E1C84294800F4391B /* LaunchScreen.storyboard */; };
		7DDFF33B1C84294800F4391B /* StoryboardTests.m in Sources */ = {isa = PBXBuildFile; fileRef = 7DDFF33A1C84294800F4391B /* StoryboardTests.m */; };
		7DDFF3461C84294800F4391B /* StoryboardUITests.m in Sources */ = {isa = PBXBuildFile; fileRef = 7DDFF3451C84294800F4391B /* StoryboardUITests.m */; };
		7DDFF3551C8429C800F4391B /* BaseTabBarViewController.m in Sources */ = {isa = PBXBuildFile; fileRef = 7DDFF3541C8429C800F4391B /* BaseTabBarViewController.m */; };
		7DDFF35D1C842AA700F4391B /* NDControllerManager.m in Sources */ = {isa = PBXBuildFile; fileRef = 7DDFF35C1C842AA700F4391B /* NDControllerManager.m */; };
		7DDFF3741C842D5000F4391B /* FirstStoryboard.storyboard in Resources */ = {isa = PBXBuildFile; fileRef = 7DDFF36D1C842D5000F4391B /* FirstStoryboard.storyboard */; };
		7DDFF3751C842D5000F4391B /* FourthStoryboard.storyboard in Resources */ = {isa = PBXBuildFile; fileRef = 7DDFF36F1C842D5000F4391B /* FourthStoryboard.storyboard */; };
		7DDFF3761C842D5000F4391B /* SecondStoryboard.storyboard in Resources */ = {isa = PBXBuildFile; fileRef = 7DDFF3711C842D5000F4391B /* SecondStoryboard.storyboard */; };
		7DDFF3771C842D5000F4391B /* ThirdStoryboard.storyboard in Resources */ = {isa = PBXBuildFile; fileRef = 7DDFF3731C842D5000F4391B /* ThirdStoryboard.storyboard */; };
		7DDFF37A1C842E2000F4391B /* FirstViewController.m in Sources */ = {isa = PBXBuildFile; fileRef = 7DDFF3791C842E2000F4391B /* FirstViewController.m */; };
		7DDFF37D1C842E2C00F4391B /* FourthViewController.m in Sources */ = {isa = PBXBuildFile; fileRef = 7DDFF37C1C842E2C00F4391B /* FourthViewController.m */; };
		7DDFF3801C842E3B00F4391B /* SecondViewController.m in Sources */ = {isa = PBXBuildFile; fileRef = 7DDFF37F1C842E3B00F4391B /* SecondViewController.m */; };
		7DDFF3831C842E4400F4391B /* ThirdViewController.m in Sources */ = {isa = PBXBuildFile; fileRef = 7DDFF3821C842E4400F4391B /* ThirdViewController.m */; };
		7DDFF3861C8433CB00F4391B /* OneStoryboard.storyboard in Resources */ = {isa = PBXBuildFile; fileRef = 7DDFF3851C8433CB00F4391B /* OneStoryboard.storyboard */; };
		7DDFF38A1C8433F500F4391B /* TwoStoryboard.storyboard in Resources */ = {isa = PBXBuildFile; fileRef = 7DDFF3891C8433F500F4391B /* TwoStoryboard.storyboard */; };
		7DDFF38D1C84349A00F4391B /* OneViewController.m in Sources */ = {isa = PBXBuildFile; fileRef = 7DDFF38C1C84349A00F4391B /* OneViewController.m */; };
		7DDFF3901C8434A200F4391B /* TwoViewController.m in Sources */ = {isa = PBXBuildFile; fileRef = 7DDFF38F1C8434A200F4391B /* TwoViewController.m */; };
/* End PBXBuildFile section */

/* Begin PBXContainerItemProxy section */
		7DDFF3371C84294800F4391B /* PBXContainerItemProxy */ = {
			isa = PBXContainerItemProxy;
			containerPortal = 7DDFF3151C84294700F4391B /* Project object */;
			proxyType = 1;
			remoteGlobalIDString = 7DDFF31C1C84294800F4391B;
			remoteInfo = Storyboard;
		};
		7DDFF3421C84294800F4391B /* PBXContainerItemProxy */ = {
			isa = PBXContainerItemProxy;
			containerPortal = 7DDFF3151C84294700F4391B /* Project object */;
			proxyType = 1;
			remoteGlobalIDString = 7DDFF31C1C84294800F4391B;
			remoteInfo = Storyboard;
		};
/* End PBXContainerItemProxy section */

/* Begin PBXFileReference section */
		7DDFF31D1C84294800F4391B /* Storyboard.app */ = {isa = PBXFileReference; explicitFileType = wrapper.application; includeInIndex = 0; path = Storyboard.app; sourceTree = BUILT_PRODUCTS_DIR; };
		7DDFF3211C84294800F4391B /* main.m */ = {isa = PBXFileReference; lastKnownFileType = sourcecode.c.objc; path = main.m; sourceTree = "<group>"; };
		7DDFF3231C84294800F4391B /* AppDelegate.h */ = {isa = PBXFileReference; lastKnownFileType = sourcecode.c.h; path = AppDelegate.h; sourceTree = "<group>"; };
		7DDFF3241C84294800F4391B /* AppDelegate.m */ = {isa = PBXFileReference; lastKnownFileType = sourcecode.c.objc; path = AppDelegate.m; sourceTree = "<group>"; };
		7DDFF32A1C84294800F4391B /* Base */ = {isa = PBXFileReference; lastKnownFileType = file.storyboard; name = Base; path = Base.lproj/Main.storyboard; sourceTree = "<group>"; };
		7DDFF32C1C84294800F4391B /* Assets.xcassets */ = {isa = PBXFileReference; lastKnownFileType = folder.assetcatalog; path = Assets.xcassets; sourceTree = "<group>"; };
		7DDFF32F1C84294800F4391B /* Base */ = {isa = PBXFileReference; lastKnownFileType = file.storyboard; name = Base; path = Base.lproj/LaunchScreen.storyboard; sourceTree = "<group>"; };
		7DDFF3311C84294800F4391B /* Info.plist */ = {isa = PBXFileReference; lastKnownFileType = text.plist.xml; path = Info.plist; sourceTree = "<group>"; };
		7DDFF3361C84294800F4391B /* StoryboardTests.xctest */ = {isa = PBXFileReference; explicitFileType = wrapper.cfbundle; includeInIndex = 0; path = StoryboardTests.xctest; sourceTree = BUILT_PRODUCTS_DIR; };
		7DDFF33A1C84294800F4391B /* StoryboardTests.m */ = {isa = PBXFileReference; lastKnownFileType = sourcecode.c.objc; path = StoryboardTests.m; sourceTree = "<group>"; };
		7DDFF33C1C84294800F4391B /* Info.plist */ = {isa = PBXFileReference; lastKnownFileType = text.plist.xml; path = Info.plist; sourceTree = "<group>"; };
		7DDFF3411C84294800F4391B /* StoryboardUITests.xctest */ = {isa = PBXFileReference; explicitFileType = wrapper.cfbundle; includeInIndex = 0; path = StoryboardUITests.xctest; sourceTree = BUILT_PRODUCTS_DIR; };
		7DDFF3451C84294800F4391B /* StoryboardUITests.m */ = {isa = PBXFileReference; lastKnownFileType = sourcecode.c.objc; path = StoryboardUITests.m; sourceTree = "<group>"; };
		7DDFF3471C84294800F4391B /* Info.plist */ = {isa = PBXFileReference; lastKnownFileType = text.plist.xml; path = Info.plist; sourceTree = "<group>"; };
		7DDFF3531C8429C800F4391B /* BaseTabBarViewController.h */ = {isa = PBXFileReference; fileEncoding = 4; lastKnownFileType = sourcecode.c.h; path = BaseTabBarViewController.h; sourceTree = "<group>"; };
		7DDFF3541C8429C800F4391B /* BaseTabBarViewController.m */ = {isa = PBXFileReference; fileEncoding = 4; lastKnownFileType = sourcecode.c.objc; path = BaseTabBarViewController.m; sourceTree = "<group>"; };
		7DDFF35B1C842AA700F4391B /* NDControllerManager.h */ = {isa = PBXFileReference; fileEncoding = 4; lastKnownFileType = sourcecode.c.h; path = NDControllerManager.h; sourceTree = "<group>"; };
		7DDFF35C1C842AA700F4391B /* NDControllerManager.m */ = {isa = PBXFileReference; fileEncoding = 4; lastKnownFileType = sourcecode.c.objc; path = NDControllerManager.m; sourceTree = "<group>"; };
		7DDFF36D1C842D5000F4391B /* FirstStoryboard.storyboard */ = {isa = PBXFileReference; fileEncoding = 4; lastKnownFileType = file.storyboard; path = FirstStoryboard.storyboard; sourceTree = "<group>"; };
		7DDFF36F1C842D5000F4391B /* FourthStoryboard.storyboard */ = {isa = PBXFileReference; fileEncoding = 4; lastKnownFileType = file.storyboard; path = FourthStoryboard.storyboard; sourceTree = "<group>"; };
		7DDFF3711C842D5000F4391B /* SecondStoryboard.storyboard */ = {isa = PBXFileReference; fileEncoding = 4; lastKnownFileType = file.storyboard; path = SecondStoryboard.storyboard; sourceTree = "<group>"; };
		7DDFF3731C842D5000F4391B /* ThirdStoryboard.storyboard */ = {isa = PBXFileReference; fileEncoding = 4; lastKnownFileType = file.storyboard; path = ThirdStoryboard.storyboard; sourceTree = "<group>"; };
		7DDFF3781C842E2000F4391B /* FirstViewController.h */ = {isa = PBXFileReference; fileEncoding = 4; lastKnownFileType = sourcecode.c.h; path = FirstViewController.h; sourceTree = "<group>"; };
		7DDFF3791C842E2000F4391B /* FirstViewController.m */ = {isa = PBXFileReference; fileEncoding = 4; lastKnownFileType = sourcecode.c.objc; path = FirstViewController.m; sourceTree = "<group>"; };
		7DDFF37B1C842E2C00F4391B /* FourthViewController.h */ = {isa = PBXFileReference; fileEncoding = 4; lastKnownFileType = sourcecode.c.h; path = FourthViewController.h; sourceTree = "<group>"; };
		7DDFF37C1C842E2C00F4391B /* FourthViewController.m */ = {isa = PBXFileReference; fileEncoding = 4; lastKnownFileType = sourcecode.c.objc; path = FourthViewController.m; sourceTree = "<group>"; };
		7DDFF37E1C842E3B00F4391B /* SecondViewController.h */ = {isa = PBXFileReference; fileEncoding = 4; lastKnownFileType = sourcecode.c.h; path = SecondViewController.h; sourceTree = "<group>"; };
		7DDFF37F1C842E3B00F4391B /* SecondViewController.m */ = {isa = PBXFileReference; fileEncoding = 4; lastKnownFileType = sourcecode.c.objc; path = SecondViewController.m; sourceTree = "<group>"; };
		7DDFF3811C842E4400F4391B /* ThirdViewController.h */ = {isa = PBXFileReference; fileEncoding = 4; lastKnownFileType = sourcecode.c.h; path = ThirdViewController.h; sourceTree = "<group>"; };
		7DDFF3821C842E4400F4391B /* ThirdViewController.m */ = {isa = PBXFileReference; fileEncoding = 4; lastKnownFileType = sourcecode.c.objc; path = ThirdViewController.m; sourceTree = "<group>"; };
		7DDFF3851C8433CB00F4391B /* OneStoryboard.storyboard */ = {isa = PBXFileReference; fileEncoding = 4; lastKnownFileType = file.storyboard; path = OneStoryboard.storyboard; sourceTree = "<group>"; };
		7DDFF3891C8433F500F4391B /* TwoStoryboard.storyboard */ = {isa = PBXFileReference; fileEncoding = 4; lastKnownFileType = file.storyboard; path = TwoStoryboard.storyboard; sourceTree = "<group>"; };
		7DDFF38B1C84349A00F4391B /* OneViewController.h */ = {isa = PBXFileReference; fileEncoding = 4; lastKnownFileType = sourcecode.c.h; path = OneViewController.h; sourceTree = "<group>"; };
		7DDFF38C1C84349A00F4391B /* OneViewController.m */ = {isa = PBXFileReference; fileEncoding = 4; lastKnownFileType = sourcecode.c.objc; path = OneViewController.m; sourceTree = "<group>"; };
		7DDFF38E1C8434A200F4391B /* TwoViewController.h */ = {isa = PBXFileReference; fileEncoding = 4; lastKnownFileType = sourcecode.c.h; path = TwoViewController.h; sourceTree = "<group>"; };
		7DDFF38F1C8434A200F4391B /* TwoViewController.m */ = {isa = PBXFileReference; fileEncoding = 4; lastKnownFileType = sourcecode.c.objc; path = TwoViewController.m; sourceTree = "<group>"; };
/* End PBXFileReference section */

/* Begin PBXFrameworksBuildPhase section */
		7DDFF31A1C84294800F4391B /* Frameworks */ = {
			isa = PBXFrameworksBuildPhase;
			buildActionMask = 2147483647;
			files = (
			);
			runOnlyForDeploymentPostprocessing = 0;
		};
		7DDFF3331C84294800F4391B /* Frameworks */ = {
			isa = PBXFrameworksBuildPhase;
			buildActionMask = 2147483647;
			files = (
			);
			runOnlyForDeploymentPostprocessing = 0;
		};
		7DDFF33E1C84294800F4391B /* Frameworks */ = {
			isa = PBXFrameworksBuildPhase;
			buildActionMask = 2147483647;
			files = (
			);
			runOnlyForDeploymentPostprocessing = 0;
		};
/* End PBXFrameworksBuildPhase section */

/* Begin PBXGroup section */
		7DDFF3141C84294700F4391B = {
			isa = PBXGroup;
			children = (
				7DDFF31F1C84294800F4391B /* Storyboard */,
				7DDFF3391C84294800F4391B /* StoryboardTests */,
				7DDFF3441C84294800F4391B /* StoryboardUITests */,
				7DDFF31E1C84294800F4391B /* Products */,
			);
			sourceTree = "<group>";
		};
		7DDFF31E1C84294800F4391B /* Products */ = {
			isa = PBXGroup;
			children = (
				7DDFF31D1C84294800F4391B /* Storyboard.app */,
				7DDFF3361C84294800F4391B /* StoryboardTests.xctest */,
				7DDFF3411C84294800F4391B /* StoryboardUITests.xctest */,
			);
			name = Products;
			sourceTree = "<group>";
		};
		7DDFF31F1C84294800F4391B /* Storyboard */ = {
			isa = PBXGroup;
			children = (
				7DDFF3231C84294800F4391B /* AppDelegate.h */,
				7DDFF3241C84294800F4391B /* AppDelegate.m */,
				7DDFF36B1C842D5000F4391B /* ViewController */,
				7DDFF3571C842A8F00F4391B /* Tool */,
				7DDFF3531C8429C800F4391B /* BaseTabBarViewController.h */,
				7DDFF3541C8429C800F4391B /* BaseTabBarViewController.m */,
				7DDFF3291C84294800F4391B /* Main.storyboard */,
				7DDFF32C1C84294800F4391B /* Assets.xcassets */,
				7DDFF32E1C84294800F4391B /* LaunchScreen.storyboard */,
				7DDFF3311C84294800F4391B /* Info.plist */,
				7DDFF3201C84294800F4391B /* Supporting Files */,
			);
			path = Storyboard;
			sourceTree = "<group>";
		};
		7DDFF3201C84294800F4391B /* Supporting Files */ = {
			isa = PBXGroup;
			children = (
				7DDFF3211C84294800F4391B /* main.m */,
			);
			name = "Supporting Files";
			sourceTree = "<group>";
		};
		7DDFF3391C84294800F4391B /* StoryboardTests */ = {
			isa = PBXGroup;
			children = (
				7DDFF33A1C84294800F4391B /* StoryboardTests.m */,
				7DDFF33C1C84294800F4391B /* Info.plist */,
			);
			path = StoryboardTests;
			sourceTree = "<group>";
		};
		7DDFF3441C84294800F4391B /* StoryboardUITests */ = {
			isa = PBXGroup;
			children = (
				7DDFF3451C84294800F4391B /* StoryboardUITests.m */,
				7DDFF3471C84294800F4391B /* Info.plist */,
			);
			path = StoryboardUITests;
			sourceTree = "<group>";
		};
		7DDFF3571C842A8F00F4391B /* Tool */ = {
			isa = PBXGroup;
			children = (
				7DDFF35B1C842AA700F4391B /* NDControllerManager.h */,
				7DDFF35C1C842AA700F4391B /* NDControllerManager.m */,
			);
			path = Tool;
			sourceTree = "<group>";
		};
		7DDFF36B1C842D5000F4391B /* ViewController */ = {
			isa = PBXGroup;
			children = (
				7DDFF36C1C842D5000F4391B /* FirstViewController */,
				7DDFF36E1C842D5000F4391B /* FourthViewController */,
				7DDFF3701C842D5000F4391B /* SecondViewController */,
				7DDFF3721C842D5000F4391B /* ThirdViewController */,
			);
			path = ViewController;
			sourceTree = "<group>";
		};
		7DDFF36C1C842D5000F4391B /* FirstViewController */ = {
			isa = PBXGroup;
			children = (
				7DDFF36D1C842D5000F4391B /* FirstStoryboard.storyboard */,
				7DDFF3781C842E2000F4391B /* FirstViewController.h */,
				7DDFF3791C842E2000F4391B /* FirstViewController.m */,
				7DDFF3841C8430B500F4391B /* FirstChildModule */,
			);
			path = FirstViewController;
			sourceTree = "<group>";
		};
		7DDFF36E1C842D5000F4391B /* FourthViewController */ = {
			isa = PBXGroup;
			children = (
				7DDFF36F1C842D5000F4391B /* FourthStoryboard.storyboard */,
				7DDFF37B1C842E2C00F4391B /* FourthViewController.h */,
				7DDFF37C1C842E2C00F4391B /* FourthViewController.m */,
			);
			path = FourthViewController;
			sourceTree = "<group>";
		};
		7DDFF3701C842D5000F4391B /* SecondViewController */ = {
			isa = PBXGroup;
			children = (
				7DDFF3711C842D5000F4391B /* SecondStoryboard.storyboard */,
				7DDFF37E1C842E3B00F4391B /* SecondViewController.h */,
				7DDFF37F1C842E3B00F4391B /* SecondViewController.m */,
			);
			path = SecondViewController;
			sourceTree = "<group>";
		};
		7DDFF3721C842D5000F4391B /* ThirdViewController */ = {
			isa = PBXGroup;
			children = (
				7DDFF3731C842D5000F4391B /* ThirdStoryboard.storyboard */,
				7DDFF3811C842E4400F4391B /* ThirdViewController.h */,
				7DDFF3821C842E4400F4391B /* ThirdViewController.m */,
			);
			path = ThirdViewController;
			sourceTree = "<group>";
		};
		7DDFF3841C8430B500F4391B /* FirstChildModule */ = {
			isa = PBXGroup;
			children = (
				7DDFF3881C8433EB00F4391B /* two */,
				7DDFF3871C8433D800F4391B /* one */,
			);
			name = FirstChildModule;
			sourceTree = "<group>";
		};
		7DDFF3871C8433D800F4391B /* one */ = {
			isa = PBXGroup;
			children = (
				7DDFF3851C8433CB00F4391B /* OneStoryboard.storyboard */,
				7DDFF38B1C84349A00F4391B /* OneViewController.h */,
				7DDFF38C1C84349A00F4391B /* OneViewController.m */,
			);
			name = one;
			sourceTree = "<group>";
		};
		7DDFF3881C8433EB00F4391B /* two */ = {
			isa = PBXGroup;
			children = (
				7DDFF3891C8433F500F4391B /* TwoStoryboard.storyboard */,
				7DDFF38E1C8434A200F4391B /* TwoViewController.h */,
				7DDFF38F1C8434A200F4391B /* TwoViewController.m */,
			);
			name = two;
			sourceTree = "<group>";
		};
/* End PBXGroup section */

/* Begin PBXNativeTarget section */
		7DDFF31C1C84294800F4391B /* Storyboard */ = {
			isa = PBXNativeTarget;
			buildConfigurationList = 7DDFF34A1C84294800F4391B /* Build configuration list for PBXNativeTarget "Storyboard" */;
			buildPhases = (
				7DDFF3191C84294800F4391B /* Sources */,
				7DDFF31A1C84294800F4391B /* Frameworks */,
				7DDFF31B1C84294800F4391B /* Resources */,
			);
			buildRules = (
			);
			dependencies = (
			);
			name = Storyboard;
			productName = Storyboard;
			productReference = 7DDFF31D1C84294800F4391B /* Storyboard.app */;
			productType = "com.apple.product-type.application";
		};
		7DDFF3351C84294800F4391B /* StoryboardTests */ = {
			isa = PBXNativeTarget;
			buildConfigurationList = 7DDFF34D1C84294800F4391B /* Build configuration list for PBXNativeTarget "StoryboardTests" */;
			buildPhases = (
				7DDFF3321C84294800F4391B /* Sources */,
				7DDFF3331C84294800F4391B /* Frameworks */,
				7DDFF3341C84294800F4391B /* Resources */,
			);
			buildRules = (
			);
			dependencies = (
				7DDFF3381C84294800F4391B /* PBXTargetDependency */,
			);
			name = StoryboardTests;
			productName = StoryboardTests;
			productReference = 7DDFF3361C84294800F4391B /* StoryboardTests.xctest */;
			productType = "com.apple.product-type.bundle.unit-test";
		};
		7DDFF3401C84294800F4391B /* StoryboardUITests */ = {
			isa = PBXNativeTarget;
			buildConfigurationList = 7DDFF3501C84294800F4391B /* Build configuration list for PBXNativeTarget "StoryboardUITests" */;
			buildPhases = (
				7DDFF33D1C84294800F4391B /* Sources */,
				7DDFF33E1C84294800F4391B /* Frameworks */,
				7DDFF33F1C84294800F4391B /* Resources */,
			);
			buildRules = (
			);
			dependencies = (
				7DDFF3431C84294800F4391B /* PBXTargetDependency */,
			);
			name = StoryboardUITests;
			productName = StoryboardUITests;
			productReference = 7DDFF3411C84294800F4391B /* StoryboardUITests.xctest */;
			productType = "com.apple.product-type.bundle.ui-testing";
		};
/* End PBXNativeTarget section */

/* Begin PBXProject section */
		7DDFF3151C84294700F4391B /* Project object */ = {
			isa = PBXProject;
			attributes = {
				LastUpgradeCheck = 0720;
				ORGANIZATIONNAME = NDEducation;
				TargetAttributes = {
					7DDFF31C1C84294800F4391B = {
						CreatedOnToolsVersion = 7.2.1;
					};
					7DDFF3351C84294800F4391B = {
						CreatedOnToolsVersion = 7.2.1;
						TestTargetID = 7DDFF31C1C84294800F4391B;
					};
					7DDFF3401C84294800F4391B = {
						CreatedOnToolsVersion = 7.2.1;
						TestTargetID = 7DDFF31C1C84294800F4391B;
					};
				};
			};
			buildConfigurationList = 7DDFF3181C84294700F4391B /* Build configuration list for PBXProject "Storyboard" */;
			compatibilityVersion = "Xcode 3.2";
			developmentRegion = English;
			hasScannedForEncodings = 0;
			knownRegions = (
				en,
				Base,
			);
			mainGroup = 7DDFF3141C84294700F4391B;
			productRefGroup = 7DDFF31E1C84294800F4391B /* Products */;
			projectDirPath = "";
			projectRoot = "";
			targets = (
				7DDFF31C1C84294800F4391B /* Storyboard */,
				7DDFF3351C84294800F4391B /* StoryboardTests */,
				7DDFF3401C84294800F4391B /* StoryboardUITests */,
			);
		};
/* End PBXProject section */

/* Begin PBXResourcesBuildPhase section */
		7DDFF31B1C84294800F4391B /* Resources */ = {
			isa = PBXResourcesBuildPhase;
			buildActionMask = 2147483647;
			files = (
				7DDFF3751C842D5000F4391B /* FourthStoryboard.storyboard in Resources */,
				7DDFF3761C842D5000F4391B /* SecondStoryboard.storyboard in Resources */,
				7DDFF38A1C8433F500F4391B /* TwoStoryboard.storyboard in Resources */,
				7DDFF3861C8433CB00F4391B /* OneStoryboard.storyboard in Resources */,
				7DDFF3301C84294800F4391B /* LaunchScreen.storyboard in Resources */,
				7DDFF32D1C84294800F4391B /* Assets.xcassets in Resources */,
				7DDFF3771C842D5000F4391B /* ThirdStoryboard.storyboard in Resources */,
				7DDFF3741C842D5000F4391B /* FirstStoryboard.storyboard in Resources */,
				7DDFF32B1C84294800F4391B /* Main.storyboard in Resources */,
			);
			runOnlyForDeploymentPostprocessing = 0;
		};
		7DDFF3341C84294800F4391B /* Resources */ = {
			isa = PBXResourcesBuildPhase;
			buildActionMask = 2147483647;
			files = (
			);
			runOnlyForDeploymentPostprocessing = 0;
		};
		7DDFF33F1C84294800F4391B /* Resources */ = {
			isa = PBXResourcesBuildPhase;
			buildActionMask = 2147483647;
			files = (
			);
			runOnlyForDeploymentPostprocessing = 0;
		};
/* End PBXResourcesBuildPhase section */

/* Begin PBXSourcesBuildPhase section */
		7DDFF3191C84294800F4391B /* Sources */ = {
			isa = PBXSourcesBuildPhase;
			buildActionMask = 2147483647;
			files = (
				7DDFF37D1C842E2C00F4391B /* FourthViewController.m in Sources */,
				7DDFF3551C8429C800F4391B /* BaseTabBarViewController.m in Sources */,
				7DDFF3831C842E4400F4391B /* ThirdViewController.m in Sources */,
				7DDFF3901C8434A200F4391B /* TwoViewController.m in Sources */,
				7DDFF38D1C84349A00F4391B /* OneViewController.m in Sources */,
				7DDFF3251C84294800F4391B /* AppDelegate.m in Sources */,
				7DDFF3801C842E3B00F4391B /* SecondViewController.m in Sources */,
				7DDFF37A1C842E2000F4391B /* FirstViewController.m in Sources */,
				7DDFF35D1C842AA700F4391B /* NDControllerManager.m in Sources */,
				7DDFF3221C84294800F4391B /* main.m in Sources */,
			);
			runOnlyForDeploymentPostprocessing = 0;
		};
		7DDFF3321C84294800F4391B /* Sources */ = {
			isa = PBXSourcesBuildPhase;
			buildActionMask = 2147483647;
			files = (
				7DDFF33B1C84294800F4391B /* StoryboardTests.m in Sources */,
			);
			runOnlyForDeploymentPostprocessing = 0;
		};
		7DDFF33D1C84294800F4391B /* Sources */ = {
			isa = PBXSourcesBuildPhase;
			buildActionMask = 2147483647;
			files = (
				7DDFF3461C84294800F4391B /* StoryboardUITests.m in Sources */,
			);
			runOnlyForDeploymentPostprocessing = 0;
		};
/* End PBXSourcesBuildPhase section */

/* Begin PBXTargetDependency section */
		7DDFF3381C84294800F4391B /* PBXTargetDependency */ = {
			isa = PBXTargetDependency;
			target = 7DDFF31C1C84294800F4391B /* Storyboard */;
			targetProxy = 7DDFF3371C84294800F4391B /* PBXContainerItemProxy */;
		};
		7DDFF3431C84294800F4391B /* PBXTargetDependency */ = {
			isa = PBXTargetDependency;
			target = 7DDFF31C1C84294800F4391B /* Storyboard */;
			targetProxy = 7DDFF3421C84294800F4391B /* PBXContainerItemProxy */;
		};
/* End PBXTargetDependency section */

/* Begin PBXVariantGroup section */
		7DDFF3291C84294800F4391B /* Main.storyboard */ = {
			isa = PBXVariantGroup;
			children = (
				7DDFF32A1C84294800F4391B /* Base */,
			);
			name = Main.storyboard;
			sourceTree = "<group>";
		};
		7DDFF32E1C84294800F4391B /* LaunchScreen.storyboard */ = {
			isa = PBXVariantGroup;
			children = (
				7DDFF32F1C84294800F4391B /* Base */,
			);
			name = LaunchScreen.storyboard;
			sourceTree = "<group>";
		};
/* End PBXVariantGroup section */

/* Begin XCBuildConfiguration section */
		7DDFF3481C84294800F4391B /* Debug */ = {
			isa = XCBuildConfiguration;
			buildSettings = {
				ALWAYS_SEARCH_USER_PATHS = NO;
				CLANG_CXX_LANGUAGE_STANDARD = "gnu++0x";
				CLANG_CXX_LIBRARY = "libc++";
				CLANG_ENABLE_MODULES = YES;
				CLANG_ENABLE_OBJC_ARC = YES;
				CLANG_WARN_BOOL_CONVERSION = YES;
				CLANG_WARN_CONSTANT_CONVERSION = YES;
				CLANG_WARN_DIRECT_OBJC_ISA_USAGE = YES_ERROR;
				CLANG_WARN_EMPTY_BODY = YES;
				CLANG_WARN_ENUM_CONVERSION = YES;
				CLANG_WARN_INT_CONVERSION = YES;
				CLANG_WARN_OBJC_ROOT_CLASS = YES_ERROR;
				CLANG_WARN_UNREACHABLE_CODE = YES;
				CLANG_WARN__DUPLICATE_METHOD_MATCH = YES;
				"CODE_SIGN_IDENTITY[sdk=iphoneos*]" = "iPhone Developer";
				COPY_PHASE_STRIP = NO;
				DEBUG_INFORMATION_FORMAT = dwarf;
				ENABLE_STRICT_OBJC_MSGSEND = YES;
				ENABLE_TESTABILITY = YES;
				GCC_C_LANGUAGE_STANDARD = gnu99;
				GCC_DYNAMIC_NO_PIC = NO;
				GCC_NO_COMMON_BLOCKS = YES;
				GCC_OPTIMIZATION_LEVEL = 0;
				GCC_PREPROCESSOR_DEFINITIONS = (
					"DEBUG=1",
					"$(inherited)",
				);
				GCC_WARN_64_TO_32_BIT_CONVERSION = YES;
				GCC_WARN_ABOUT_RETURN_TYPE = YES_ERROR;
				GCC_WARN_UNDECLARED_SELECTOR = YES;
				GCC_WARN_UNINITIALIZED_AUTOS = YES_AGGRESSIVE;
				GCC_WARN_UNUSED_FUNCTION = YES;
				GCC_WARN_UNUSED_VARIABLE = YES;
				IPHONEOS_DEPLOYMENT_TARGET = 9.2;
				MTL_ENABLE_DEBUG_INFO = YES;
				ONLY_ACTIVE_ARCH = YES;
				SDKROOT = iphoneos;
				TARGETED_DEVICE_FAMILY = "1,2";
			};
			name = Debug;
		};
		7DDFF3491C84294800F4391B /* Release */ = {
			isa = XCBuildConfiguration;
			buildSettings = {
				ALWAYS_SEARCH_USER_PATHS = NO;
				CLANG_CXX_LANGUAGE_STANDARD = "gnu++0x";
				CLANG_CXX_LIBRARY = "libc++";
				CLANG_ENABLE_MODULES = YES;
				CLANG_ENABLE_OBJC_ARC = YES;
				CLANG_WARN_BOOL_CONVERSION = YES;
				CLANG_WARN_CONSTANT_CONVERSION = YES;
				CLANG_WARN_DIRECT_OBJC_ISA_USAGE = YES_ERROR;
				CLANG_WARN_EMPTY_BODY = YES;
				CLANG_WARN_ENUM_CONVERSION = YES;
				CLANG_WARN_INT_CONVERSION = YES;
				CLANG_WARN_OBJC_ROOT_CLASS = YES_ERROR;
				CLANG_WARN_UNREACHABLE_CODE = YES;
				CLANG_WARN__DUPLICATE_METHOD_MATCH = YES;
				"CODE_SIGN_IDENTITY[sdk=iphoneos*]" = "iPhone Developer";
				COPY_PHASE_STRIP = NO;
				DEBUG_INFORMATION_FORMAT = "dwarf-with-dsym";
				ENABLE_NS_ASSERTIONS = NO;
				ENABLE_STRICT_OBJC_MSGSEND = YES;
				GCC_C_LANGUAGE_STANDARD = gnu99;
				GCC_NO_COMMON_BLOCKS = YES;
				GCC_WARN_64_TO_32_BIT_CONVERSION = YES;
				GCC_WARN_ABOUT_RETURN_TYPE = YES_ERROR;
				GCC_WARN_UNDECLARED_SELECTOR = YES;
				GCC_WARN_UNINITIALIZED_AUTOS = YES_AGGRESSIVE;
				GCC_WARN_UNUSED_FUNCTION = YES;
				GCC_WARN_UNUSED_VARIABLE = YES;
				IPHONEOS_DEPLOYMENT_TARGET = 9.2;
				MTL_ENABLE_DEBUG_INFO = NO;
				SDKROOT = iphoneos;
				TARGETED_DEVICE_FAMILY = "1,2";
				VALIDATE_PRODUCT = YES;
			};
			name = Release;
		};
		7DDFF34B1C84294800F4391B /* Debug */ = {
			isa = XCBuildConfiguration;
			buildSettings = {
				ASSETCATALOG_COMPILER_APPICON_NAME = AppIcon;
				INFOPLIST_FILE = Storyboard/Info.plist;
				LD_RUNPATH_SEARCH_PATHS = "$(inherited) @executable_path/Frameworks";
				PRODUCT_BUNDLE_IDENTIFIER = com.education.nd.Storyboard;
				PRODUCT_NAME = "$(TARGET_NAME)";
			};
			name = Debug;
		};
		7DDFF34C1C84294800F4391B /* Release */ = {
			isa = XCBuildConfiguration;
			buildSettings = {
				ASSETCATALOG_COMPILER_APPICON_NAME = AppIcon;
				INFOPLIST_FILE = Storyboard/Info.plist;
				LD_RUNPATH_SEARCH_PATHS = "$(inherited) @executable_path/Frameworks";
				PRODUCT_BUNDLE_IDENTIFIER = com.education.nd.Storyboard;
				PRODUCT_NAME = "$(TARGET_NAME)";
			};
			name = Release;
		};
		7DDFF34E1C84294800F4391B /* Debug */ = {
			isa = XCBuildConfiguration;
			buildSettings = {
				BUNDLE_LOADER = "$(TEST_HOST)";
				INFOPLIST_FILE = StoryboardTests/Info.plist;
				LD_RUNPATH_SEARCH_PATHS = "$(inherited) @executable_path/Frameworks @loader_path/Frameworks";
				PRODUCT_BUNDLE_IDENTIFIER = com.education.nd.StoryboardTests;
				PRODUCT_NAME = "$(TARGET_NAME)";
				TEST_HOST = "$(BUILT_PRODUCTS_DIR)/Storyboard.app/Storyboard";
			};
			name = Debug;
		};
		7DDFF34F1C84294800F4391B /* Release */ = {
			isa = XCBuildConfiguration;
			buildSettings = {
				BUNDLE_LOADER = "$(TEST_HOST)";
				INFOPLIST_FILE = StoryboardTests/Info.plist;
				LD_RUNPATH_SEARCH_PATHS = "$(inherited) @executable_path/Frameworks @loader_path/Frameworks";
				PRODUCT_BUNDLE_IDENTIFIER = com.education.nd.StoryboardTests;
				PRODUCT_NAME = "$(TARGET_NAME)";
				TEST_HOST = "$(BUILT_PRODUCTS_DIR)/Storyboard.app/Storyboard";
			};
			name = Release;
		};
		7DDFF3511C84294800F4391B /* Debug */ = {
			isa = XCBuildConfiguration;
			buildSettings = {
				INFOPLIST_FILE = StoryboardUITests/Info.plist;
				LD_RUNPATH_SEARCH_PATHS = "$(inherited) @executable_path/Frameworks @loader_path/Frameworks";
				PRODUCT_BUNDLE_IDENTIFIER = com.education.nd.StoryboardUITests;
				PRODUCT_NAME = "$(TARGET_NAME)";
				TEST_TARGET_NAME = Storyboard;
				USES_XCTRUNNER = YES;
			};
			name = Debug;
		};
		7DDFF3521C84294800F4391B /* Release */ = {
			isa = XCBuildConfiguration;
			buildSettings = {
				INFOPLIST_FILE = StoryboardUITests/Info.plist;
				LD_RUNPATH_SEARCH_PATHS = "$(inherited) @executable_path/Frameworks @loader_path/Frameworks";
				PRODUCT_BUNDLE_IDENTIFIER = com.education.nd.StoryboardUITests;
				PRODUCT_NAME = "$(TARGET_NAME)";
				TEST_TARGET_NAME = Storyboard;
				USES_XCTRUNNER = YES;
			};
			name = Release;
		};
/* End XCBuildConfiguration section */

/* Begin XCConfigurationList section */
		7DDFF3181C84294700F4391B /* Build configuration list for PBXProject "Storyboard" */ = {
			isa = XCConfigurationList;
			buildConfigurations = (
				7DDFF3481C84294800F4391B /* Debug */,
				7DDFF3491C84294800F4391B /* Release */,
			);
			defaultConfigurationIsVisible = 0;
			defaultConfigurationName = Release;
		};
		7DDFF34A1C84294800F4391B /* Build configuration list for PBXNativeTarget "Storyboard" */ = {
			isa = XCConfigurationList;
			buildConfigurations = (
				7DDFF34B1C84294800F4391B /* Debug */,
				7DDFF34C1C84294800F4391B /* Release */,
			);
			defaultConfigurationIsVisible = 0;
		};
		7DDFF34D1C84294800F4391B /* Build configuration list for PBXNativeTarget "StoryboardTests" */ = {
			isa = XCConfigurationList;
			buildConfigurations = (
				7DDFF34E1C84294800F4391B /* Debug */,
				7DDFF34F1C84294800F4391B /* Release */,
			);
			defaultConfigurationIsVisible = 0;
		};
		7DDFF3501C84294800F4391B /* Build configuration list for PBXNativeTarget "StoryboardUITests" */ = {
			isa = XCConfigurationList;
			buildConfigurations = (
				7DDFF3511C84294800F4391B /* Debug */,
				7DDFF3521C84294800F4391B /* Release */,
			);
			defaultConfigurationIsVisible = 0;
		};
/* End XCConfigurationList section */
	};
	rootObject = 7DDFF3151C84294700F4391B /* Project object */;
}
